
Microsoft Visual Studio Solution File, Format Version 12.00
# Visual Studio Version 16
VisualStudioVersion = 16.0.31205.134
MinimumVisualStudioVersion = 10.0.40219.1
Project("{FAE04EC0-301F-11D3-BF4B-00C04F79EFBC}") = "Spt_FB", "Spt и FB\Spt_FB.csproj", "{BA0CA772-683C-47E1-878E-7F19E01D23FB}"
EndProject
Global
	GlobalSection(SolutionConfigurationPlatforms) = preSolution
		Debug|Any CPU = Debug|Any CPU
		Release|Any CPU = Release|Any CPU
	EndGlobalSection
	GlobalSection(ProjectConfigurationPlatforms) = postSolution
		{BA0CA772-683C-47E1-878E-7F19E01D23FB}.Debug|Any CPU.ActiveCfg = Debug|Any CPU
		{BA0CA772-683C-47E1-878E-7F19E01D23FB}.Debug|Any CPU.Build.0 = Debug|Any CPU
		{BA0CA772-683C-47E1-878E-7F19E01D23FB}.Release|Any CPU.ActiveCfg = Release|Any CPU
		{BA0CA772-683C-47E1-878E-7F19E01D23FB}.Release|Any CPU.Build.0 = Release|Any CPU
	EndGlobalSection
	GlobalSection(SolutionProperties) = preSolution
		HideSolutionNode = FALSE
	EndGlobalSection
	GlobalSection(ExtensibilityGlobals) = postSolution
		SolutionGuid = {E26AA8C8-3A2D-41D1-B044-7467962CEBC2}
	EndGlobalSection
EndGlobal
